
Microsoft Visual Studio Solution File, Format Version 12.00
# Visual Studio 15
VisualStudioVersion = 15.0.27703.1
MinimumVisualStudioVersion = 10.0.40219.1
Project("{A07B5EB6-E848-4116-A8D0-A826331D98C6}") = "IndependantDispatcher", "IndependantDispatcher\IndependantDispatcher.sfproj", "{4B0582BA-E0FD-4D84-901C-D8D0F1006F96}"
EndProject
Project("{FAE04EC0-301F-11D3-BF4B-00C04F79EFBC}") = "MyActor", "MyActor\MyActor.csproj", "{0470A60A-92FD-429A-AC01-8E413043A171}"
EndProject
Project("{FAE04EC0-301F-11D3-BF4B-00C04F79EFBC}") = "MyActor.Interfaces", "MyActor.Interfaces\MyActor.Interfaces.csproj", "{4794B5D1-0AB0-4387-B564-F5E353DD48E1}"
EndProject
Project("{FAE04EC0-301F-11D3-BF4B-00C04F79EFBC}") = "ServiceClient", "ServiceClient\ServiceClient.csproj", "{7561DE6C-EA1B-405E-AE6A-1014A1BFABDF}"
EndProject
Global
	GlobalSection(SolutionConfigurationPlatforms) = preSolution
		Debug|Any CPU = Debug|Any CPU
		Debug|x64 = Debug|x64
		Release|Any CPU = Release|Any CPU
		Release|x64 = Release|x64
	EndGlobalSection
	GlobalSection(ProjectConfigurationPlatforms) = postSolution
		{4B0582BA-E0FD-4D84-901C-D8D0F1006F96}.Debug|Any CPU.ActiveCfg = Debug|x64
		{4B0582BA-E0FD-4D84-901C-D8D0F1006F96}.Debug|x64.ActiveCfg = Debug|x64
		{4B0582BA-E0FD-4D84-901C-D8D0F1006F96}.Debug|x64.Build.0 = Debug|x64
		{4B0582BA-E0FD-4D84-901C-D8D0F1006F96}.Debug|x64.Deploy.0 = Debug|x64
		{4B0582BA-E0FD-4D84-901C-D8D0F1006F96}.Release|Any CPU.ActiveCfg = Release|x64
		{4B0582BA-E0FD-4D84-901C-D8D0F1006F96}.Release|x64.ActiveCfg = Release|x64
		{4B0582BA-E0FD-4D84-901C-D8D0F1006F96}.Release|x64.Build.0 = Release|x64
		{4B0582BA-E0FD-4D84-901C-D8D0F1006F96}.Release|x64.Deploy.0 = Release|x64
		{0470A60A-92FD-429A-AC01-8E413043A171}.Debug|Any CPU.ActiveCfg = Debug|x64
		{0470A60A-92FD-429A-AC01-8E413043A171}.Debug|x64.ActiveCfg = Debug|x64
		{0470A60A-92FD-429A-AC01-8E413043A171}.Debug|x64.Build.0 = Debug|x64
		{0470A60A-92FD-429A-AC01-8E413043A171}.Release|Any CPU.ActiveCfg = Release|x64
		{0470A60A-92FD-429A-AC01-8E413043A171}.Release|x64.ActiveCfg = Release|x64
		{0470A60A-92FD-429A-AC01-8E413043A171}.Release|x64.Build.0 = Release|x64
		{4794B5D1-0AB0-4387-B564-F5E353DD48E1}.Debug|Any CPU.ActiveCfg = Debug|x64
		{4794B5D1-0AB0-4387-B564-F5E353DD48E1}.Debug|x64.ActiveCfg = Debug|x64
		{4794B5D1-0AB0-4387-B564-F5E353DD48E1}.Debug|x64.Build.0 = Debug|x64
		{4794B5D1-0AB0-4387-B564-F5E353DD48E1}.Release|Any CPU.ActiveCfg = Release|x64
		{4794B5D1-0AB0-4387-B564-F5E353DD48E1}.Release|x64.ActiveCfg = Release|x64
		{4794B5D1-0AB0-4387-B564-F5E353DD48E1}.Release|x64.Build.0 = Release|x64
		{7561DE6C-EA1B-405E-AE6A-1014A1BFABDF}.Debug|Any CPU.ActiveCfg = Debug|Any CPU
		{7561DE6C-EA1B-405E-AE6A-1014A1BFABDF}.Debug|Any CPU.Build.0 = Debug|Any CPU
		{7561DE6C-EA1B-405E-AE6A-1014A1BFABDF}.Debug|x64.ActiveCfg = Debug|Any CPU
		{7561DE6C-EA1B-405E-AE6A-1014A1BFABDF}.Debug|x64.Build.0 = Debug|Any CPU
		{7561DE6C-EA1B-405E-AE6A-1014A1BFABDF}.Release|Any CPU.ActiveCfg = Release|Any CPU
		{7561DE6C-EA1B-405E-AE6A-1014A1BFABDF}.Release|Any CPU.Build.0 = Release|Any CPU
		{7561DE6C-EA1B-405E-AE6A-1014A1BFABDF}.Release|x64.ActiveCfg = Release|Any CPU
		{7561DE6C-EA1B-405E-AE6A-1014A1BFABDF}.Release|x64.Build.0 = Release|Any CPU
	EndGlobalSection
	GlobalSection(SolutionProperties) = preSolution
		HideSolutionNode = FALSE
	EndGlobalSection
	GlobalSection(ExtensibilityGlobals) = postSolution
		SolutionGuid = {0992988B-B347-4F33-9A0A-629ED7643348}
	EndGlobalSection
EndGlobal
