
Microsoft Visual Studio Solution File, Format Version 12.00
# Visual Studio 15
VisualStudioVersion = 15.0.27130.2027
MinimumVisualStudioVersion = 10.0.40219.1
Project("{9A19103F-16F7-4668-BE54-9A1E7A4F7556}") = "Microsoft.SF.Powershell", "Microsoft.SF.Powershell.csproj", "{D338FD92-02CA-4464-966E-F56C43DA1463}"
EndProject
Global
	GlobalSection(SolutionConfigurationPlatforms) = preSolution
		Debug|Any CPU = Debug|Any CPU
		Release|Any CPU = Release|Any CPU
	EndGlobalSection
	GlobalSection(ProjectConfigurationPlatforms) = postSolution
		{D338FD92-02CA-4464-966E-F56C43DA1463}.Debug|Any CPU.ActiveCfg = Debug|Any CPU
		{D338FD92-02CA-4464-966E-F56C43DA1463}.Debug|Any CPU.Build.0 = Debug|Any CPU
		{D338FD92-02CA-4464-966E-F56C43DA1463}.Release|Any CPU.ActiveCfg = Release|Any CPU
		{D338FD92-02CA-4464-966E-F56C43DA1463}.Release|Any CPU.Build.0 = Release|Any CPU
	EndGlobalSection
	GlobalSection(SolutionProperties) = preSolution
		HideSolutionNode = FALSE
	EndGlobalSection
	GlobalSection(ExtensibilityGlobals) = postSolution
		SolutionGuid = {80101219-812C-4567-AA7C-9375FB3F3CFA}
	EndGlobalSection
EndGlobal
